
Microsoft Visual Studio Solution File, Format Version 12.00
# Visual Studio 14
VisualStudioVersion = 14.0.25420.1
MinimumVisualStudioVersion = 10.0.40219.1
Project("{FAE04EC0-301F-11D3-BF4B-00C04F79EFBC}") = "Quick Percentage Sizing", "Quick Percentage Sizing\Quick Percentage Sizing.csproj", "{048BD4AD-BDC5-4AF1-8D7D-656300E70233}"
EndProject
Project("{FAE04EC0-301F-11D3-BF4B-00C04F79EFBC}") = "Quick Percentage Sizing Form", "Quick Percentage Sizing Form\Quick Percentage Sizing Form.csproj", "{36E8E7BC-570F-452B-9CE3-CFC014F15F72}"
EndProject
Global
	GlobalSection(SolutionConfigurationPlatforms) = preSolution
		Debug|Any CPU = Debug|Any CPU
		Release|Any CPU = Release|Any CPU
	EndGlobalSection
	GlobalSection(ProjectConfigurationPlatforms) = postSolution
		{048BD4AD-BDC5-4AF1-8D7D-656300E70233}.Debug|Any CPU.ActiveCfg = Debug|Any CPU
		{048BD4AD-BDC5-4AF1-8D7D-656300E70233}.Debug|Any CPU.Build.0 = Debug|Any CPU
		{048BD4AD-BDC5-4AF1-8D7D-656300E70233}.Release|Any CPU.ActiveCfg = Release|Any CPU
		{048BD4AD-BDC5-4AF1-8D7D-656300E70233}.Release|Any CPU.Build.0 = Release|Any CPU
		{36E8E7BC-570F-452B-9CE3-CFC014F15F72}.Debug|Any CPU.ActiveCfg = Debug|Any CPU
		{36E8E7BC-570F-452B-9CE3-CFC014F15F72}.Debug|Any CPU.Build.0 = Debug|Any CPU
		{36E8E7BC-570F-452B-9CE3-CFC014F15F72}.Release|Any CPU.ActiveCfg = Release|Any CPU
		{36E8E7BC-570F-452B-9CE3-CFC014F15F72}.Release|Any CPU.Build.0 = Release|Any CPU
	EndGlobalSection
	GlobalSection(SolutionProperties) = preSolution
		HideSolutionNode = FALSE
	EndGlobalSection
EndGlobal
